{
    "_readme": [
        "This file locks the dependencies of your project to a known state",
        "Read more about it at https://getcomposer.org/doc/01-basic-usage.md#installing-dependencies",
        "This file is @generated automatically"
    ],
    "content-hash": "4610f00acf6412886c89c742dbca23a5",
    "packages": [
        {
            "name": "zheltikov/php-exceptions",
            "version": "1.0.0",
            "source": {
                "type": "git",
                "url": "https://github.com/zheltikov/php-exceptions.git",
                "reference": "b346ae65c32144f741cfffa8e9e00eb7b1c4f3d1"
            },
            "dist": {
                "type": "zip",
                "url": "https://api.github.com/repos/zheltikov/php-exceptions/zipball/b346ae65c32144f741cfffa8e9e00eb7b1c4f3d1",
                "reference": "b346ae65c32144f741cfffa8e9e00eb7b1c4f3d1",
                "shasum": ""
            },
            "require": {
                "php": "^7.3"
            },
            "require-dev": {
                "nazar-pc/phpt-tests-runner": "^1.4"
            },
            "type": "library",
            "autoload": {
                "psr-4": {
                    "Zheltikov\\Exceptions\\": "src/"
                }
            },
            "notification-url": "https://packagist.org/downloads/",
            "license": [
                "MIT"
            ],
            "authors": [
                {
                    "name": "Max Zheltikov",
                    "homepage": "https://github.com/zheltikov"
                }
            ],
            "support": {
                "issues": "https://github.com/zheltikov/php-exceptions/issues",
                "source": "https://github.com/zheltikov/php-exceptions/tree/1.0.0"
            },
            "time": "2021-07-13T09:24:39+00:00"
        },
        {
            "name": "zheltikov/php-invariant",
            "version": "1.2.1",
            "source": {
                "type": "git",
                "url": "https://github.com/zheltikov/php-invariant.git",
                "reference": "eb974430797e135c5156b878e5601a5ef3025d2b"
            },
            "dist": {
                "type": "zip",
                "url": "https://api.github.com/repos/zheltikov/php-invariant/zipball/eb974430797e135c5156b878e5601a5ef3025d2b",
                "reference": "eb974430797e135c5156b878e5601a5ef3025d2b",
                "shasum": ""
            },
            "require": {
                "ext-json": "*",
                "php": "^7.4",
                "zheltikov/php-exceptions": "^1.0",
                "zheltikov/php-type-assert": "^1.0"
            },
            "require-dev": {
                "nazar-pc/phpt-tests-runner": "^1.4"
            },
            "type": "library",
            "autoload": {
                "psr-4": {
                    "Zheltikov\\Invariant\\": "src/"
                },
                "files": [
                    "src/functions.php"
                ]
            },
            "notification-url": "https://packagist.org/downloads/",
            "license": [
                "MIT"
            ],
            "authors": [
                {
                    "name": "Max Zheltikov",
                    "homepage": "https://github.com/zheltikov"
                }
            ],
            "support": {
                "issues": "https://github.com/zheltikov/php-invariant/issues",
                "source": "https://github.com/zheltikov/php-invariant/tree/1.2.1"
            },
            "time": "2021-07-14T15:30:22+00:00"
        },
        {
            "name": "zheltikov/php-type-assert",
            "version": "1.0.2",
            "source": {
                "type": "git",
                "url": "https://github.com/zheltikov/php-type-assert.git",
                "reference": "5e3d72b852c91826b9af0ca3c10e83f6f04456eb"
            },
            "dist": {
                "type": "zip",
                "url": "https://api.github.com/repos/zheltikov/php-type-assert/zipball/5e3d72b852c91826b9af0ca3c10e83f6f04456eb",
                "reference": "5e3d72b852c91826b9af0ca3c10e83f6f04456eb",
                "shasum": ""
            },
            "require": {
                "php": "^7.3",
                "zheltikov/php-exceptions": "^1.0",
                "zheltikov/php-invariant": "^1.1"
            },
            "require-dev": {
                "nazar-pc/phpt-tests-runner": "^1.4"
            },
            "type": "library",
            "autoload": {
                "psr-4": {
                    "Zheltikov\\TypeAssert\\": "src/"
                },
                "files": [
                    "src/functions.php"
                ]
            },
            "notification-url": "https://packagist.org/downloads/",
            "license": [
                "MIT"
            ],
            "authors": [
                {
                    "name": "Max Zheltikov",
                    "homepage": "https://github.com/zheltikov"
                }
            ],
            "support": {
                "issues": "https://github.com/zheltikov/php-type-assert/issues",
                "source": "https://github.com/zheltikov/php-type-assert/tree/1.0.2"
            },
            "time": "2021-07-14T10:27:58+00:00"
        }
    ],
    "packages-dev": [
        {
            "name": "nazar-pc/phpt-tests-runner",
            "version": "1.4.1",
            "source": {
                "type": "git",
                "url": "https://github.com/nazar-pc/phpt-tests-runner.git",
                "reference": "ffed273f19b3adf4a899764dd00a746297cb1fa4"
            },
            "dist": {
                "type": "zip",
                "url": "https://api.github.com/repos/nazar-pc/phpt-tests-runner/zipball/ffed273f19b3adf4a899764dd00a746297cb1fa4",
                "reference": "ffed273f19b3adf4a899764dd00a746297cb1fa4",
                "shasum": ""
            },
            "require": {
                "php": ">=7.0"
            },
            "bin": [
                "bin/phpt-tests-runner"
            ],
            "type": "library",
            "extra": {
                "branch-alias": {
                    "dev-master": "1.3-dev"
                }
            },
            "notification-url": "https://packagist.org/downloads/",
            "license": [
                "0BSD"
            ],
            "authors": [
                {
                    "name": "Nazar Mokrynskyi",
                    "email": "nazar@mokrynskyi.com",
                    "role": "Developer"
                }
            ],
            "description": "Runner for PHPT tests (with few differences comparing to original PHPT format)",
            "homepage": "https://github.com/nazar-pc/phpt-tests-runner",
            "keywords": [
                "phpt",
                "test",
                "testing"
            ],
            "support": {
                "issues": "https://github.com/nazar-pc/phpt-tests-runner/issues",
                "source": "https://github.com/nazar-pc/phpt-tests-runner/tree/1.4.1"
            },
            "time": "2018-01-30T07:48:04+00:00"
        }
    ],
    "aliases": [],
    "minimum-stability": "stable",
    "stability-flags": [],
    "prefer-stable": false,
    "prefer-lowest": false,
    "platform": {
        "php": "^7.4"
    },
    "platform-dev": [],
    "plugin-api-version": "2.1.0"
}
